# THIS IS AN AUTOGENERATED FILE. DO NOT EDIT THIS FILE DIRECTLY.
# yarn lockfile v1


gridstack@9.1.0:
  version "9.1.0"
  resolved "https://registry.yarnpkg.com/gridstack/-/gridstack-9.1.0.tgz#9c82808cc87ff4491f5bfcd517dc7ead922aa62e"
  integrity sha512-ViUwP6Q9WzYUd/ulKZ7/bmX3JZeQciVgZa4P5ZChXhwMsNJp7ctb6RnxxatcAkG+X0oln7udPI8AsW0SMsPUYQ==
