# THIS IS AN AUTOGENERATED FILE. DO NOT EDIT THIS FILE DIRECTLY.
# yarn lockfile v1


gridstack@7.2.2:
  version "7.2.2"
  resolved "https://registry.yarnpkg.com/gridstack/-/gridstack-7.2.2.tgz#1a5be730923722c88685641809f36c9681d329bd"
  integrity sha512-9swEjbisKhtZlbmNiTCxOarp/9NWit5mLg6Z73sUhd4LKur5ZptMH16CUJu7HjMHxgI86FbQI5ZfMM/2TuMqdw==
