# THIS IS AN AUTOGENERATED FILE. DO NOT EDIT THIS FILE DIRECTLY.
# yarn lockfile v1


gridstack@3.3.0:
  version "3.3.0"
  resolved "https://registry.yarnpkg.com/gridstack/-/gridstack-3.3.0.tgz#e324de1acbe59b812293117783c398ca83e2d1ca"
  integrity sha512-xF8EF/CvUYRSaq0KRHA6ROHRuAxObqAVByBLyZfOPWOJBJTbg5GvPUj8HABEBYZWKxQeFkONcZwNflZLhHEi4g==
